// !$*UTF8*$!
{
	archiveVersion = 1;
	classes = {
	};
	objectVersion = 56;
	objects = {

/* Begin PBXBuildFile section */
		1B6F224F29EAE11300524C72 /* AppDelegate.swift in Sources */ = {isa = PBXBuildFile; fileRef = 1B6F224E29EAE11300524C72 /* AppDelegate.swift */; };
		1B6F225129EAE11300524C72 /* SceneDelegate.swift in Sources */ = {isa = PBXBuildFile; fileRef = 1B6F225029EAE11300524C72 /* SceneDelegate.swift */; };
		1B6F225329EAE11300524C72 /* PeopleListerViewController.swift in Sources */ = {isa = PBXBuildFile; fileRef = 1B6F225229EAE11300524C72 /* PeopleListerViewController.swift */; };
		1B6F225629EAE11300524C72 /* Main.storyboard in Resources */ = {isa = PBXBuildFile; fileRef = 1B6F225429EAE11300524C72 /* Main.storyboard */; };
		1B6F225829EAE11400524C72 /* Assets.xcassets in Resources */ = {isa = PBXBuildFile; fileRef = 1B6F225729EAE11400524C72 /* Assets.xcassets */; };
		1B6F225B29EAE11400524C72 /* LaunchScreen.storyboard in Resources */ = {isa = PBXBuildFile; fileRef = 1B6F225929EAE11400524C72 /* LaunchScreen.storyboard */; };
		1B6F226629EAE11400524C72 /* Scorp_Case_StudyTests.swift in Sources */ = {isa = PBXBuildFile; fileRef = 1B6F226529EAE11400524C72 /* Scorp_Case_StudyTests.swift */; };
		1B6F227029EAE11400524C72 /* Scorp_Case_StudyUITests.swift in Sources */ = {isa = PBXBuildFile; fileRef = 1B6F226F29EAE11400524C72 /* Scorp_Case_StudyUITests.swift */; };
		1B6F227229EAE11400524C72 /* Scorp_Case_StudyUITestsLaunchTests.swift in Sources */ = {isa = PBXBuildFile; fileRef = 1B6F227129EAE11400524C72 /* Scorp_Case_StudyUITestsLaunchTests.swift */; };
		1B6F228129EAE1B000524C72 /* DataSource.swift in Sources */ = {isa = PBXBuildFile; fileRef = 1B6F228029EAE1B000524C72 /* DataSource.swift */; };
		1B6F228629EAE78000524C72 /* PeopleListerTableViewCell.swift in Sources */ = {isa = PBXBuildFile; fileRef = 1B6F228429EAE78000524C72 /* PeopleListerTableViewCell.swift */; };
		1B6F228729EAE78000524C72 /* PeopleListerTableViewCell.xib in Resources */ = {isa = PBXBuildFile; fileRef = 1B6F228529EAE78000524C72 /* PeopleListerTableViewCell.xib */; };
		1B6F228A29EAEA7900524C72 /* PeopleListerViewModel.swift in Sources */ = {isa = PBXBuildFile; fileRef = 1B6F228929EAEA7900524C72 /* PeopleListerViewModel.swift */; };
		1B6F228C29EAFC6800524C72 /* PeopleListerEmptyView.swift in Sources */ = {isa = PBXBuildFile; fileRef = 1B6F228B29EAFC6800524C72 /* PeopleListerEmptyView.swift */; };
		1B6F228E29EB033100524C72 /* PeopleListerCellViewModel.swift in Sources */ = {isa = PBXBuildFile; fileRef = 1B6F228D29EB033100524C72 /* PeopleListerCellViewModel.swift */; };
		1B6F229029EB053D00524C72 /* BaseCellViewModel.swift in Sources */ = {isa = PBXBuildFile; fileRef = 1B6F228F29EB053D00524C72 /* BaseCellViewModel.swift */; };
		1B6F229229EB056F00524C72 /* BaseTableViewCell.swift in Sources */ = {isa = PBXBuildFile; fileRef = 1B6F229129EB056F00524C72 /* BaseTableViewCell.swift */; };
/* End PBXBuildFile section */

/* Begin PBXContainerItemProxy section */
		1B6F226229EAE11400524C72 /* PBXContainerItemProxy */ = {
			isa = PBXContainerItemProxy;
			containerPortal = 1B6F224329EAE11300524C72 /* Project object */;
			proxyType = 1;
			remoteGlobalIDString = 1B6F224A29EAE11300524C72;
			remoteInfo = "Scorp-Case-Study";
		};
		1B6F226C29EAE11400524C72 /* PBXContainerItemProxy */ = {
			isa = PBXContainerItemProxy;
			containerPortal = 1B6F224329EAE11300524C72 /* Project object */;
			proxyType = 1;
			remoteGlobalIDString = 1B6F224A29EAE11300524C72;
			remoteInfo = "Scorp-Case-Study";
		};
/* End PBXContainerItemProxy section */

/* Begin PBXFileReference section */
		1B6F224B29EAE11300524C72 /* Scorp-Case-Study.app */ = {isa = PBXFileReference; explicitFileType = wrapper.application; includeInIndex = 0; path = "Scorp-Case-Study.app"; sourceTree = BUILT_PRODUCTS_DIR; };
		1B6F224E29EAE11300524C72 /* AppDelegate.swift */ = {isa = PBXFileReference; lastKnownFileType = sourcecode.swift; path = AppDelegate.swift; sourceTree = "<group>"; };
		1B6F225029EAE11300524C72 /* SceneDelegate.swift */ = {isa = PBXFileReference; lastKnownFileType = sourcecode.swift; path = SceneDelegate.swift; sourceTree = "<group>"; };
		1B6F225229EAE11300524C72 /* PeopleListerViewController.swift */ = {isa = PBXFileReference; lastKnownFileType = sourcecode.swift; path = PeopleListerViewController.swift; sourceTree = "<group>"; };
		1B6F225529EAE11300524C72 /* Base */ = {isa = PBXFileReference; lastKnownFileType = file.storyboard; name = Base; path = Base.lproj/Main.storyboard; sourceTree = "<group>"; };
		1B6F225729EAE11400524C72 /* Assets.xcassets */ = {isa = PBXFileReference; lastKnownFileType = folder.assetcatalog; path = Assets.xcassets; sourceTree = "<group>"; };
		1B6F225A29EAE11400524C72 /* Base */ = {isa = PBXFileReference; lastKnownFileType = file.storyboard; name = Base; path = Base.lproj/LaunchScreen.storyboard; sourceTree = "<group>"; };
		1B6F225C29EAE11400524C72 /* Info.plist */ = {isa = PBXFileReference; lastKnownFileType = text.plist.xml; path = Info.plist; sourceTree = "<group>"; };
		1B6F226129EAE11400524C72 /* Scorp-Case-StudyTests.xctest */ = {isa = PBXFileReference; explicitFileType = wrapper.cfbundle; includeInIndex = 0; path = "Scorp-Case-StudyTests.xctest"; sourceTree = BUILT_PRODUCTS_DIR; };
		1B6F226529EAE11400524C72 /* Scorp_Case_StudyTests.swift */ = {isa = PBXFileReference; lastKnownFileType = sourcecode.swift; path = Scorp_Case_StudyTests.swift; sourceTree = "<group>"; };
		1B6F226B29EAE11400524C72 /* Scorp-Case-StudyUITests.xctest */ = {isa = PBXFileReference; explicitFileType = wrapper.cfbundle; includeInIndex = 0; path = "Scorp-Case-StudyUITests.xctest"; sourceTree = BUILT_PRODUCTS_DIR; };
		1B6F226F29EAE11400524C72 /* Scorp_Case_StudyUITests.swift */ = {isa = PBXFileReference; lastKnownFileType = sourcecode.swift; path = Scorp_Case_StudyUITests.swift; sourceTree = "<group>"; };
		1B6F227129EAE11400524C72 /* Scorp_Case_StudyUITestsLaunchTests.swift */ = {isa = PBXFileReference; lastKnownFileType = sourcecode.swift; path = Scorp_Case_StudyUITestsLaunchTests.swift; sourceTree = "<group>"; };
		1B6F228029EAE1B000524C72 /* DataSource.swift */ = {isa = PBXFileReference; fileEncoding = 4; lastKnownFileType = sourcecode.swift; path = DataSource.swift; sourceTree = "<group>"; };
		1B6F228429EAE78000524C72 /* PeopleListerTableViewCell.swift */ = {isa = PBXFileReference; lastKnownFileType = sourcecode.swift; path = PeopleListerTableViewCell.swift; sourceTree = "<group>"; };
		1B6F228529EAE78000524C72 /* PeopleListerTableViewCell.xib */ = {isa = PBXFileReference; lastKnownFileType = file.xib; path = PeopleListerTableViewCell.xib; sourceTree = "<group>"; };
		1B6F228929EAEA7900524C72 /* PeopleListerViewModel.swift */ = {isa = PBXFileReference; lastKnownFileType = sourcecode.swift; path = PeopleListerViewModel.swift; sourceTree = "<group>"; };
		1B6F228B29EAFC6800524C72 /* PeopleListerEmptyView.swift */ = {isa = PBXFileReference; lastKnownFileType = sourcecode.swift; path = PeopleListerEmptyView.swift; sourceTree = "<group>"; };
		1B6F228D29EB033100524C72 /* PeopleListerCellViewModel.swift */ = {isa = PBXFileReference; lastKnownFileType = sourcecode.swift; path = PeopleListerCellViewModel.swift; sourceTree = "<group>"; };
		1B6F228F29EB053D00524C72 /* BaseCellViewModel.swift */ = {isa = PBXFileReference; lastKnownFileType = sourcecode.swift; path = BaseCellViewModel.swift; sourceTree = "<group>"; };
		1B6F229129EB056F00524C72 /* BaseTableViewCell.swift */ = {isa = PBXFileReference; lastKnownFileType = sourcecode.swift; path = BaseTableViewCell.swift; sourceTree = "<group>"; };
/* End PBXFileReference section */

/* Begin PBXFrameworksBuildPhase section */
		1B6F224829EAE11300524C72 /* Frameworks */ = {
			isa = PBXFrameworksBuildPhase;
			buildActionMask = 2147483647;
			files = (
			);
			runOnlyForDeploymentPostprocessing = 0;
		};
		1B6F225E29EAE11400524C72 /* Frameworks */ = {
			isa = PBXFrameworksBuildPhase;
			buildActionMask = 2147483647;
			files = (
			);
			runOnlyForDeploymentPostprocessing = 0;
		};
		1B6F226829EAE11400524C72 /* Frameworks */ = {
			isa = PBXFrameworksBuildPhase;
			buildActionMask = 2147483647;
			files = (
			);
			runOnlyForDeploymentPostprocessing = 0;
		};
/* End PBXFrameworksBuildPhase section */

/* Begin PBXGroup section */
		1B6F224229EAE11300524C72 = {
			isa = PBXGroup;
			children = (
				1B6F224D29EAE11300524C72 /* Scorp-Case-Study */,
				1B6F226429EAE11400524C72 /* Scorp-Case-StudyTests */,
				1B6F226E29EAE11400524C72 /* Scorp-Case-StudyUITests */,
				1B6F224C29EAE11300524C72 /* Products */,
			);
			sourceTree = "<group>";
		};
		1B6F224C29EAE11300524C72 /* Products */ = {
			isa = PBXGroup;
			children = (
				1B6F224B29EAE11300524C72 /* Scorp-Case-Study.app */,
				1B6F226129EAE11400524C72 /* Scorp-Case-StudyTests.xctest */,
				1B6F226B29EAE11400524C72 /* Scorp-Case-StudyUITests.xctest */,
			);
			name = Products;
			sourceTree = "<group>";
		};
		1B6F224D29EAE11300524C72 /* Scorp-Case-Study */ = {
			isa = PBXGroup;
			children = (
				1B6F228229EAE75000524C72 /* Model */,
				1B6F227F29EAE16F00524C72 /* View */,
				1B6F228829EAEA6300524C72 /* View Model */,
				1B6F227E29EAE15300524C72 /* Supporting Files */,
			);
			path = "Scorp-Case-Study";
			sourceTree = "<group>";
		};
		1B6F226429EAE11400524C72 /* Scorp-Case-StudyTests */ = {
			isa = PBXGroup;
			children = (
				1B6F226529EAE11400524C72 /* Scorp_Case_StudyTests.swift */,
			);
			path = "Scorp-Case-StudyTests";
			sourceTree = "<group>";
		};
		1B6F226E29EAE11400524C72 /* Scorp-Case-StudyUITests */ = {
			isa = PBXGroup;
			children = (
				1B6F226F29EAE11400524C72 /* Scorp_Case_StudyUITests.swift */,
				1B6F227129EAE11400524C72 /* Scorp_Case_StudyUITestsLaunchTests.swift */,
			);
			path = "Scorp-Case-StudyUITests";
			sourceTree = "<group>";
		};
		1B6F227E29EAE15300524C72 /* Supporting Files */ = {
			isa = PBXGroup;
			children = (
				1B6F224E29EAE11300524C72 /* AppDelegate.swift */,
				1B6F225029EAE11300524C72 /* SceneDelegate.swift */,
				1B6F225429EAE11300524C72 /* Main.storyboard */,
				1B6F225729EAE11400524C72 /* Assets.xcassets */,
				1B6F225929EAE11400524C72 /* LaunchScreen.storyboard */,
				1B6F225C29EAE11400524C72 /* Info.plist */,
			);
			path = "Supporting Files";
			sourceTree = "<group>";
		};
		1B6F227F29EAE16F00524C72 /* View */ = {
			isa = PBXGroup;
			children = (
				1B6F225229EAE11300524C72 /* PeopleListerViewController.swift */,
				1B6F228429EAE78000524C72 /* PeopleListerTableViewCell.swift */,
				1B6F228529EAE78000524C72 /* PeopleListerTableViewCell.xib */,
				1B6F228B29EAFC6800524C72 /* PeopleListerEmptyView.swift */,
				1B6F229129EB056F00524C72 /* BaseTableViewCell.swift */,
			);
			path = View;
			sourceTree = "<group>";
		};
		1B6F228229EAE75000524C72 /* Model */ = {
			isa = PBXGroup;
			children = (
				1B6F228029EAE1B000524C72 /* DataSource.swift */,
			);
			path = Model;
			sourceTree = "<group>";
		};
		1B6F228829EAEA6300524C72 /* View Model */ = {
			isa = PBXGroup;
			children = (
				1B6F228929EAEA7900524C72 /* PeopleListerViewModel.swift */,
				1B6F228F29EB053D00524C72 /* BaseCellViewModel.swift */,
				1B6F228D29EB033100524C72 /* PeopleListerCellViewModel.swift */,
			);
			path = "View Model";
			sourceTree = "<group>";
		};
/* End PBXGroup section */

/* Begin PBXNativeTarget section */
		1B6F224A29EAE11300524C72 /* Scorp-Case-Study */ = {
			isa = PBXNativeTarget;
			buildConfigurationList = 1B6F227529EAE11400524C72 /* Build configuration list for PBXNativeTarget "Scorp-Case-Study" */;
			buildPhases = (
				1B6F224729EAE11300524C72 /* Sources */,
				1B6F224829EAE11300524C72 /* Frameworks */,
				1B6F224929EAE11300524C72 /* Resources */,
			);
			buildRules = (
			);
			dependencies = (
			);
			name = "Scorp-Case-Study";
			productName = "Scorp-Case-Study";
			productReference = 1B6F224B29EAE11300524C72 /* Scorp-Case-Study.app */;
			productType = "com.apple.product-type.application";
		};
		1B6F226029EAE11400524C72 /* Scorp-Case-StudyTests */ = {
			isa = PBXNativeTarget;
			buildConfigurationList = 1B6F227829EAE11400524C72 /* Build configuration list for PBXNativeTarget "Scorp-Case-StudyTests" */;
			buildPhases = (
				1B6F225D29EAE11400524C72 /* Sources */,
				1B6F225E29EAE11400524C72 /* Frameworks */,
				1B6F225F29EAE11400524C72 /* Resources */,
			);
			buildRules = (
			);
			dependencies = (
				1B6F226329EAE11400524C72 /* PBXTargetDependency */,
			);
			name = "Scorp-Case-StudyTests";
			productName = "Scorp-Case-StudyTests";
			productReference = 1B6F226129EAE11400524C72 /* Scorp-Case-StudyTests.xctest */;
			productType = "com.apple.product-type.bundle.unit-test";
		};
		1B6F226A29EAE11400524C72 /* Scorp-Case-StudyUITests */ = {
			isa = PBXNativeTarget;
			buildConfigurationList = 1B6F227B29EAE11400524C72 /* Build configuration list for PBXNativeTarget "Scorp-Case-StudyUITests" */;
			buildPhases = (
				1B6F226729EAE11400524C72 /* Sources */,
				1B6F226829EAE11400524C72 /* Frameworks */,
				1B6F226929EAE11400524C72 /* Resources */,
			);
			buildRules = (
			);
			dependencies = (
				1B6F226D29EAE11400524C72 /* PBXTargetDependency */,
			);
			name = "Scorp-Case-StudyUITests";
			productName = "Scorp-Case-StudyUITests";
			productReference = 1B6F226B29EAE11400524C72 /* Scorp-Case-StudyUITests.xctest */;
			productType = "com.apple.product-type.bundle.ui-testing";
		};
/* End PBXNativeTarget section */

/* Begin PBXProject section */
		1B6F224329EAE11300524C72 /* Project object */ = {
			isa = PBXProject;
			attributes = {
				BuildIndependentTargetsInParallel = 1;
				LastSwiftUpdateCheck = 1430;
				LastUpgradeCheck = 1430;
				TargetAttributes = {
					1B6F224A29EAE11300524C72 = {
						CreatedOnToolsVersion = 14.3;
					};
					1B6F226029EAE11400524C72 = {
						CreatedOnToolsVersion = 14.3;
						TestTargetID = 1B6F224A29EAE11300524C72;
					};
					1B6F226A29EAE11400524C72 = {
						CreatedOnToolsVersion = 14.3;
						TestTargetID = 1B6F224A29EAE11300524C72;
					};
				};
			};
			buildConfigurationList = 1B6F224629EAE11300524C72 /* Build configuration list for PBXProject "Scorp-Case-Study" */;
			compatibilityVersion = "Xcode 14.0";
			developmentRegion = en;
			hasScannedForEncodings = 0;
			knownRegions = (
				en,
				Base,
			);
			mainGroup = 1B6F224229EAE11300524C72;
			productRefGroup = 1B6F224C29EAE11300524C72 /* Products */;
			projectDirPath = "";
			projectRoot = "";
			targets = (
				1B6F224A29EAE11300524C72 /* Scorp-Case-Study */,
				1B6F226029EAE11400524C72 /* Scorp-Case-StudyTests */,
				1B6F226A29EAE11400524C72 /* Scorp-Case-StudyUITests */,
			);
		};
/* End PBXProject section */

/* Begin PBXResourcesBuildPhase section */
		1B6F224929EAE11300524C72 /* Resources */ = {
			isa = PBXResourcesBuildPhase;
			buildActionMask = 2147483647;
			files = (
				1B6F225B29EAE11400524C72 /* LaunchScreen.storyboard in Resources */,
				1B6F228729EAE78000524C72 /* PeopleListerTableViewCell.xib in Resources */,
				1B6F225829EAE11400524C72 /* Assets.xcassets in Resources */,
				1B6F225629EAE11300524C72 /* Main.storyboard in Resources */,
			);
			runOnlyForDeploymentPostprocessing = 0;
		};
		1B6F225F29EAE11400524C72 /* Resources */ = {
			isa = PBXResourcesBuildPhase;
			buildActionMask = 2147483647;
			files = (
			);
			runOnlyForDeploymentPostprocessing = 0;
		};
		1B6F226929EAE11400524C72 /* Resources */ = {
			isa = PBXResourcesBuildPhase;
			buildActionMask = 2147483647;
			files = (
			);
			runOnlyForDeploymentPostprocessing = 0;
		};
/* End PBXResourcesBuildPhase section */

/* Begin PBXSourcesBuildPhase section */
		1B6F224729EAE11300524C72 /* Sources */ = {
			isa = PBXSourcesBuildPhase;
			buildActionMask = 2147483647;
			files = (
				1B6F228A29EAEA7900524C72 /* PeopleListerViewModel.swift in Sources */,
				1B6F229029EB053D00524C72 /* BaseCellViewModel.swift in Sources */,
				1B6F225329EAE11300524C72 /* PeopleListerViewController.swift in Sources */,
				1B6F224F29EAE11300524C72 /* AppDelegate.swift in Sources */,
				1B6F228C29EAFC6800524C72 /* PeopleListerEmptyView.swift in Sources */,
				1B6F228629EAE78000524C72 /* PeopleListerTableViewCell.swift in Sources */,
				1B6F228129EAE1B000524C72 /* DataSource.swift in Sources */,
				1B6F228E29EB033100524C72 /* PeopleListerCellViewModel.swift in Sources */,
				1B6F229229EB056F00524C72 /* BaseTableViewCell.swift in Sources */,
				1B6F225129EAE11300524C72 /* SceneDelegate.swift in Sources */,
			);
			runOnlyForDeploymentPostprocessing = 0;
		};
		1B6F225D29EAE11400524C72 /* Sources */ = {
			isa = PBXSourcesBuildPhase;
			buildActionMask = 2147483647;
			files = (
				1B6F226629EAE11400524C72 /* Scorp_Case_StudyTests.swift in Sources */,
			);
			runOnlyForDeploymentPostprocessing = 0;
		};
		1B6F226729EAE11400524C72 /* Sources */ = {
			isa = PBXSourcesBuildPhase;
			buildActionMask = 2147483647;
			files = (
				1B6F227229EAE11400524C72 /* Scorp_Case_StudyUITestsLaunchTests.swift in Sources */,
				1B6F227029EAE11400524C72 /* Scorp_Case_StudyUITests.swift in Sources */,
			);
			runOnlyForDeploymentPostprocessing = 0;
		};
/* End PBXSourcesBuildPhase section */

/* Begin PBXTargetDependency section */
		1B6F226329EAE11400524C72 /* PBXTargetDependency */ = {
			isa = PBXTargetDependency;
			target = 1B6F224A29EAE11300524C72 /* Scorp-Case-Study */;
			targetProxy = 1B6F226229EAE11400524C72 /* PBXContainerItemProxy */;
		};
		1B6F226D29EAE11400524C72 /* PBXTargetDependency */ = {
			isa = PBXTargetDependency;
			target = 1B6F224A29EAE11300524C72 /* Scorp-Case-Study */;
			targetProxy = 1B6F226C29EAE11400524C72 /* PBXContainerItemProxy */;
		};
/* End PBXTargetDependency section */

/* Begin PBXVariantGroup section */
		1B6F225429EAE11300524C72 /* Main.storyboard */ = {
			isa = PBXVariantGroup;
			children = (
				1B6F225529EAE11300524C72 /* Base */,
			);
			name = Main.storyboard;
			sourceTree = "<group>";
		};
		1B6F225929EAE11400524C72 /* LaunchScreen.storyboard */ = {
			isa = PBXVariantGroup;
			children = (
				1B6F225A29EAE11400524C72 /* Base */,
			);
			name = LaunchScreen.storyboard;
			sourceTree = "<group>";
		};
/* End PBXVariantGroup section */

/* Begin XCBuildConfiguration section */
		1B6F227329EAE11400524C72 /* Debug */ = {
			isa = XCBuildConfiguration;
			buildSettings = {
				ALWAYS_SEARCH_USER_PATHS = NO;
				CLANG_ANALYZER_NONNULL = YES;
				CLANG_ANALYZER_NUMBER_OBJECT_CONVERSION = YES_AGGRESSIVE;
				CLANG_CXX_LANGUAGE_STANDARD = "gnu++20";
				CLANG_ENABLE_MODULES = YES;
				CLANG_ENABLE_OBJC_ARC = YES;
				CLANG_ENABLE_OBJC_WEAK = YES;
				CLANG_WARN_BLOCK_CAPTURE_AUTORELEASING = YES;
				CLANG_WARN_BOOL_CONVERSION = YES;
				CLANG_WARN_COMMA = YES;
				CLANG_WARN_CONSTANT_CONVERSION = YES;
				CLANG_WARN_DEPRECATED_OBJC_IMPLEMENTATIONS = YES;
				CLANG_WARN_DIRECT_OBJC_ISA_USAGE = YES_ERROR;
				CLANG_WARN_DOCUMENTATION_COMMENTS = YES;
				CLANG_WARN_EMPTY_BODY = YES;
				CLANG_WARN_ENUM_CONVERSION = YES;
				CLANG_WARN_INFINITE_RECURSION = YES;
				CLANG_WARN_INT_CONVERSION = YES;
				CLANG_WARN_NON_LITERAL_NULL_CONVERSION = YES;
				CLANG_WARN_OBJC_IMPLICIT_RETAIN_SELF = YES;
				CLANG_WARN_OBJC_LITERAL_CONVERSION = YES;
				CLANG_WARN_OBJC_ROOT_CLASS = YES_ERROR;
				CLANG_WARN_QUOTED_INCLUDE_IN_FRAMEWORK_HEADER = YES;
				CLANG_WARN_RANGE_LOOP_ANALYSIS = YES;
				CLANG_WARN_STRICT_PROTOTYPES = YES;
				CLANG_WARN_SUSPICIOUS_MOVE = YES;
				CLANG_WARN_UNGUARDED_AVAILABILITY = YES_AGGRESSIVE;
				CLANG_WARN_UNREACHABLE_CODE = YES;
				CLANG_WARN__DUPLICATE_METHOD_MATCH = YES;
				COPY_PHASE_STRIP = NO;
				DEBUG_INFORMATION_FORMAT = dwarf;
				ENABLE_STRICT_OBJC_MSGSEND = YES;
				ENABLE_TESTABILITY = YES;
				GCC_C_LANGUAGE_STANDARD = gnu11;
				GCC_DYNAMIC_NO_PIC = NO;
				GCC_NO_COMMON_BLOCKS = YES;
				GCC_OPTIMIZATION_LEVEL = 0;
				GCC_PREPROCESSOR_DEFINITIONS = (
					"DEBUG=1",
					"$(inherited)",
				);
				GCC_WARN_64_TO_32_BIT_CONVERSION = YES;
				GCC_WARN_ABOUT_RETURN_TYPE = YES_ERROR;
				GCC_WARN_UNDECLARED_SELECTOR = YES;
				GCC_WARN_UNINITIALIZED_AUTOS = YES_AGGRESSIVE;
				GCC_WARN_UNUSED_FUNCTION = YES;
				GCC_WARN_UNUSED_VARIABLE = YES;
				IPHONEOS_DEPLOYMENT_TARGET = 16.4;
				MTL_ENABLE_DEBUG_INFO = INCLUDE_SOURCE;
				MTL_FAST_MATH = YES;
				ONLY_ACTIVE_ARCH = YES;
				SDKROOT = iphoneos;
				SWIFT_ACTIVE_COMPILATION_CONDITIONS = DEBUG;
				SWIFT_OPTIMIZATION_LEVEL = "-Onone";
			};
			name = Debug;
		};
		1B6F227429EAE11400524C72 /* Release */ = {
			isa = XCBuildConfiguration;
			buildSettings = {
				ALWAYS_SEARCH_USER_PATHS = NO;
				CLANG_ANALYZER_NONNULL = YES;
				CLANG_ANALYZER_NUMBER_OBJECT_CONVERSION = YES_AGGRESSIVE;
				CLANG_CXX_LANGUAGE_STANDARD = "gnu++20";
				CLANG_ENABLE_MODULES = YES;
				CLANG_ENABLE_OBJC_ARC = YES;
				CLANG_ENABLE_OBJC_WEAK = YES;
				CLANG_WARN_BLOCK_CAPTURE_AUTORELEASING = YES;
				CLANG_WARN_BOOL_CONVERSION = YES;
				CLANG_WARN_COMMA = YES;
				CLANG_WARN_CONSTANT_CONVERSION = YES;
				CLANG_WARN_DEPRECATED_OBJC_IMPLEMENTATIONS = YES;
				CLANG_WARN_DIRECT_OBJC_ISA_USAGE = YES_ERROR;
				CLANG_WARN_DOCUMENTATION_COMMENTS = YES;
				CLANG_WARN_EMPTY_BODY = YES;
				CLANG_WARN_ENUM_CONVERSION = YES;
				CLANG_WARN_INFINITE_RECURSION = YES;
				CLANG_WARN_INT_CONVERSION = YES;
				CLANG_WARN_NON_LITERAL_NULL_CONVERSION = YES;
				CLANG_WARN_OBJC_IMPLICIT_RETAIN_SELF = YES;
				CLANG_WARN_OBJC_LITERAL_CONVERSION = YES;
				CLANG_WARN_OBJC_ROOT_CLASS = YES_ERROR;
				CLANG_WARN_QUOTED_INCLUDE_IN_FRAMEWORK_HEADER = YES;
				CLANG_WARN_RANGE_LOOP_ANALYSIS = YES;
				CLANG_WARN_STRICT_PROTOTYPES = YES;
				CLANG_WARN_SUSPICIOUS_MOVE = YES;
				CLANG_WARN_UNGUARDED_AVAILABILITY = YES_AGGRESSIVE;
				CLANG_WARN_UNREACHABLE_CODE = YES;
				CLANG_WARN__DUPLICATE_METHOD_MATCH = YES;
				COPY_PHASE_STRIP = NO;
				DEBUG_INFORMATION_FORMAT = "dwarf-with-dsym";
				ENABLE_NS_ASSERTIONS = NO;
				ENABLE_STRICT_OBJC_MSGSEND = YES;
				GCC_C_LANGUAGE_STANDARD = gnu11;
				GCC_NO_COMMON_BLOCKS = YES;
				GCC_WARN_64_TO_32_BIT_CONVERSION = YES;
				GCC_WARN_ABOUT_RETURN_TYPE = YES_ERROR;
				GCC_WARN_UNDECLARED_SELECTOR = YES;
				GCC_WARN_UNINITIALIZED_AUTOS = YES_AGGRESSIVE;
				GCC_WARN_UNUSED_FUNCTION = YES;
				GCC_WARN_UNUSED_VARIABLE = YES;
				IPHONEOS_DEPLOYMENT_TARGET = 16.4;
				MTL_ENABLE_DEBUG_INFO = NO;
				MTL_FAST_MATH = YES;
				SDKROOT = iphoneos;
				SWIFT_COMPILATION_MODE = wholemodule;
				SWIFT_OPTIMIZATION_LEVEL = "-O";
				VALIDATE_PRODUCT = YES;
			};
			name = Release;
		};
		1B6F227629EAE11400524C72 /* Debug */ = {
			isa = XCBuildConfiguration;
			buildSettings = {
				ASSETCATALOG_COMPILER_APPICON_NAME = AppIcon;
				ASSETCATALOG_COMPILER_GLOBAL_ACCENT_COLOR_NAME = AccentColor;
				CODE_SIGN_STYLE = Automatic;
				CURRENT_PROJECT_VERSION = 1;
				DEVELOPMENT_TEAM = 927YGY67XQ;
				GENERATE_INFOPLIST_FILE = YES;
				INFOPLIST_FILE = "Scorp-Case-Study/Supporting Files/Info.plist";
				INFOPLIST_KEY_CFBundleDisplayName = "Scorp Case Study";
				INFOPLIST_KEY_LSApplicationCategoryType = "public.app-category.social-networking";
				INFOPLIST_KEY_UIApplicationSupportsIndirectInputEvents = YES;
				INFOPLIST_KEY_UILaunchStoryboardName = LaunchScreen;
				INFOPLIST_KEY_UIMainStoryboardFile = Main;
				INFOPLIST_KEY_UISupportedInterfaceOrientations_iPad = "UIInterfaceOrientationPortrait UIInterfaceOrientationPortraitUpsideDown UIInterfaceOrientationLandscapeLeft UIInterfaceOrientationLandscapeRight";
				INFOPLIST_KEY_UISupportedInterfaceOrientations_iPhone = "UIInterfaceOrientationPortrait UIInterfaceOrientationLandscapeLeft UIInterfaceOrientationLandscapeRight";
				LD_RUNPATH_SEARCH_PATHS = (
					"$(inherited)",
					"@executable_path/Frameworks",
				);
				MARKETING_VERSION = 1.0;
				PRODUCT_BUNDLE_IDENTIFIER = "Murmeko.Scorp-Case-Study";
				PRODUCT_NAME = "$(TARGET_NAME)";
				SWIFT_EMIT_LOC_STRINGS = YES;
				SWIFT_VERSION = 5.0;
				TARGETED_DEVICE_FAMILY = "1,2";
			};
			name = Debug;
		};
		1B6F227729EAE11400524C72 /* Release */ = {
			isa = XCBuildConfiguration;
			buildSettings = {
				ASSETCATALOG_COMPILER_APPICON_NAME = AppIcon;
				ASSETCATALOG_COMPILER_GLOBAL_ACCENT_COLOR_NAME = AccentColor;
				CODE_SIGN_STYLE = Automatic;
				CURRENT_PROJECT_VERSION = 1;
				DEVELOPMENT_TEAM = 927YGY67XQ;
				GENERATE_INFOPLIST_FILE = YES;
				INFOPLIST_FILE = "Scorp-Case-Study/Supporting Files/Info.plist";
				INFOPLIST_KEY_CFBundleDisplayName = "Scorp Case Study";
				INFOPLIST_KEY_LSApplicationCategoryType = "public.app-category.social-networking";
				INFOPLIST_KEY_UIApplicationSupportsIndirectInputEvents = YES;
				INFOPLIST_KEY_UILaunchStoryboardName = LaunchScreen;
				INFOPLIST_KEY_UIMainStoryboardFile = Main;
				INFOPLIST_KEY_UISupportedInterfaceOrientations_iPad = "UIInterfaceOrientationPortrait UIInterfaceOrientationPortraitUpsideDown UIInterfaceOrientationLandscapeLeft UIInterfaceOrientationLandscapeRight";
				INFOPLIST_KEY_UISupportedInterfaceOrientations_iPhone = "UIInterfaceOrientationPortrait UIInterfaceOrientationLandscapeLeft UIInterfaceOrientationLandscapeRight";
				LD_RUNPATH_SEARCH_PATHS = (
					"$(inherited)",
					"@executable_path/Frameworks",
				);
				MARKETING_VERSION = 1.0;
				PRODUCT_BUNDLE_IDENTIFIER = "Murmeko.Scorp-Case-Study";
				PRODUCT_NAME = "$(TARGET_NAME)";
				SWIFT_EMIT_LOC_STRINGS = YES;
				SWIFT_VERSION = 5.0;
				TARGETED_DEVICE_FAMILY = "1,2";
			};
			name = Release;
		};
		1B6F227929EAE11400524C72 /* Debug */ = {
			isa = XCBuildConfiguration;
			buildSettings = {
				ALWAYS_EMBED_SWIFT_STANDARD_LIBRARIES = YES;
				BUNDLE_LOADER = "$(TEST_HOST)";
				CODE_SIGN_STYLE = Automatic;
				CURRENT_PROJECT_VERSION = 1;
				DEVELOPMENT_TEAM = 927YGY67XQ;
				GENERATE_INFOPLIST_FILE = YES;
				IPHONEOS_DEPLOYMENT_TARGET = 16.4;
				MARKETING_VERSION = 1.0;
				PRODUCT_BUNDLE_IDENTIFIER = "Murmeko.Scorp-Case-StudyTests";
				PRODUCT_NAME = "$(TARGET_NAME)";
				SWIFT_EMIT_LOC_STRINGS = NO;
				SWIFT_VERSION = 5.0;
				TARGETED_DEVICE_FAMILY = "1,2";
				TEST_HOST = "$(BUILT_PRODUCTS_DIR)/Scorp-Case-Study.app/$(BUNDLE_EXECUTABLE_FOLDER_PATH)/Scorp-Case-Study";
			};
			name = Debug;
		};
		1B6F227A29EAE11400524C72 /* Release */ = {
			isa = XCBuildConfiguration;
			buildSettings = {
				ALWAYS_EMBED_SWIFT_STANDARD_LIBRARIES = YES;
				BUNDLE_LOADER = "$(TEST_HOST)";
				CODE_SIGN_STYLE = Automatic;
				CURRENT_PROJECT_VERSION = 1;
				DEVELOPMENT_TEAM = 927YGY67XQ;
				GENERATE_INFOPLIST_FILE = YES;
				IPHONEOS_DEPLOYMENT_TARGET = 16.4;
				MARKETING_VERSION = 1.0;
				PRODUCT_BUNDLE_IDENTIFIER = "Murmeko.Scorp-Case-StudyTests";
				PRODUCT_NAME = "$(TARGET_NAME)";
				SWIFT_EMIT_LOC_STRINGS = NO;
				SWIFT_VERSION = 5.0;
				TARGETED_DEVICE_FAMILY = "1,2";
				TEST_HOST = "$(BUILT_PRODUCTS_DIR)/Scorp-Case-Study.app/$(BUNDLE_EXECUTABLE_FOLDER_PATH)/Scorp-Case-Study";
			};
			name = Release;
		};
		1B6F227C29EAE11400524C72 /* Debug */ = {
			isa = XCBuildConfiguration;
			buildSettings = {
				ALWAYS_EMBED_SWIFT_STANDARD_LIBRARIES = YES;
				CODE_SIGN_STYLE = Automatic;
				CURRENT_PROJECT_VERSION = 1;
				DEVELOPMENT_TEAM = 927YGY67XQ;
				GENERATE_INFOPLIST_FILE = YES;
				MARKETING_VERSION = 1.0;
				PRODUCT_BUNDLE_IDENTIFIER = "Murmeko.Scorp-Case-StudyUITests";
				PRODUCT_NAME = "$(TARGET_NAME)";
				SWIFT_EMIT_LOC_STRINGS = NO;
				SWIFT_VERSION = 5.0;
				TARGETED_DEVICE_FAMILY = "1,2";
				TEST_TARGET_NAME = "Scorp-Case-Study";
			};
			name = Debug;
		};
		1B6F227D29EAE11400524C72 /* Release */ = {
			isa = XCBuildConfiguration;
			buildSettings = {
				ALWAYS_EMBED_SWIFT_STANDARD_LIBRARIES = YES;
				CODE_SIGN_STYLE = Automatic;
				CURRENT_PROJECT_VERSION = 1;
				DEVELOPMENT_TEAM = 927YGY67XQ;
				GENERATE_INFOPLIST_FILE = YES;
				MARKETING_VERSION = 1.0;
				PRODUCT_BUNDLE_IDENTIFIER = "Murmeko.Scorp-Case-StudyUITests";
				PRODUCT_NAME = "$(TARGET_NAME)";
				SWIFT_EMIT_LOC_STRINGS = NO;
				SWIFT_VERSION = 5.0;
				TARGETED_DEVICE_FAMILY = "1,2";
				TEST_TARGET_NAME = "Scorp-Case-Study";
			};
			name = Release;
		};
/* End XCBuildConfiguration section */

/* Begin XCConfigurationList section */
		1B6F224629EAE11300524C72 /* Build configuration list for PBXProject "Scorp-Case-Study" */ = {
			isa = XCConfigurationList;
			buildConfigurations = (
				1B6F227329EAE11400524C72 /* Debug */,
				1B6F227429EAE11400524C72 /* Release */,
			);
			defaultConfigurationIsVisible = 0;
			defaultConfigurationName = Release;
		};
		1B6F227529EAE11400524C72 /* Build configuration list for PBXNativeTarget "Scorp-Case-Study" */ = {
			isa = XCConfigurationList;
			buildConfigurations = (
				1B6F227629EAE11400524C72 /* Debug */,
				1B6F227729EAE11400524C72 /* Release */,
			);
			defaultConfigurationIsVisible = 0;
			defaultConfigurationName = Release;
		};
		1B6F227829EAE11400524C72 /* Build configuration list for PBXNativeTarget "Scorp-Case-StudyTests" */ = {
			isa = XCConfigurationList;
			buildConfigurations = (
				1B6F227929EAE11400524C72 /* Debug */,
				1B6F227A29EAE11400524C72 /* Release */,
			);
			defaultConfigurationIsVisible = 0;
			defaultConfigurationName = Release;
		};
		1B6F227B29EAE11400524C72 /* Build configuration list for PBXNativeTarget "Scorp-Case-StudyUITests" */ = {
			isa = XCConfigurationList;
			buildConfigurations = (
				1B6F227C29EAE11400524C72 /* Debug */,
				1B6F227D29EAE11400524C72 /* Release */,
			);
			defaultConfigurationIsVisible = 0;
			defaultConfigurationName = Release;
		};
/* End XCConfigurationList section */
	};
	rootObject = 1B6F224329EAE11300524C72 /* Project object */;
}
